
Microsoft Visual Studio Solution File, Format Version 12.00
# Visual Studio Version 17
VisualStudioVersion = 17.4.33213.308
MinimumVisualStudioVersion = 10.0.40219.1
Project("{FAE04EC0-301F-11D3-BF4B-00C04F79EFBC}") = "UTS_NETLanjutan_DedeAdamAlamsyah", "UTS_NETLanjutan_DedeAdamAlamsyah\UTS_NETLanjutan_DedeAdamAlamsyah.csproj", "{5FD48CED-BDAD-405B-8844-5FE3605FC8B1}"
EndProject
Global
	GlobalSection(SolutionConfigurationPlatforms) = preSolution
		Debug|Any CPU = Debug|Any CPU
		Release|Any CPU = Release|Any CPU
	EndGlobalSection
	GlobalSection(ProjectConfigurationPlatforms) = postSolution
		{5FD48CED-BDAD-405B-8844-5FE3605FC8B1}.Debug|Any CPU.ActiveCfg = Debug|Any CPU
		{5FD48CED-BDAD-405B-8844-5FE3605FC8B1}.Debug|Any CPU.Build.0 = Debug|Any CPU
		{5FD48CED-BDAD-405B-8844-5FE3605FC8B1}.Release|Any CPU.ActiveCfg = Release|Any CPU
		{5FD48CED-BDAD-405B-8844-5FE3605FC8B1}.Release|Any CPU.Build.0 = Release|Any CPU
	EndGlobalSection
	GlobalSection(SolutionProperties) = preSolution
		HideSolutionNode = FALSE
	EndGlobalSection
	GlobalSection(ExtensibilityGlobals) = postSolution
		SolutionGuid = {B717AAC3-15DC-4D1D-8E86-39AB817CE716}
	EndGlobalSection
EndGlobal
